// !$*UTF8*$!
{
	archiveVersion = 1;
	classes = {
	};
	objectVersion = 50;
	objects = {

/* Begin PBXBuildFile section */
		4363DAB7241D450100B878BD /* AppDelegate.swift in Sources */ = {isa = PBXBuildFile; fileRef = 4363DAB6241D450100B878BD /* AppDelegate.swift */; };
		4363DAB9241D450100B878BD /* SceneDelegate.swift in Sources */ = {isa = PBXBuildFile; fileRef = 4363DAB8241D450100B878BD /* SceneDelegate.swift */; };
		4363DABB241D450100B878BD /* ViewController.swift in Sources */ = {isa = PBXBuildFile; fileRef = 4363DABA241D450100B878BD /* ViewController.swift */; };
		4363DABE241D450100B878BD /* Main.storyboard in Resources */ = {isa = PBXBuildFile; fileRef = 4363DABC241D450100B878BD /* Main.storyboard */; };
		4363DAC0241D450300B878BD /* Assets.xcassets in Resources */ = {isa = PBXBuildFile; fileRef = 4363DABF241D450300B878BD /* Assets.xcassets */; };
		4363DAC3241D450300B878BD /* LaunchScreen.storyboard in Resources */ = {isa = PBXBuildFile; fileRef = 4363DAC1241D450300B878BD /* LaunchScreen.storyboard */; };
		4363DACE241D450300B878BD /* OrangeConverterTests.swift in Sources */ = {isa = PBXBuildFile; fileRef = 4363DACD241D450300B878BD /* OrangeConverterTests.swift */; };
/* End PBXBuildFile section */

/* Begin PBXContainerItemProxy section */
		4363DACA241D450300B878BD /* PBXContainerItemProxy */ = {
			isa = PBXContainerItemProxy;
			containerPortal = 4363DAAB241D450100B878BD /* Project object */;
			proxyType = 1;
			remoteGlobalIDString = 4363DAB2241D450100B878BD;
			remoteInfo = OrangeConverter;
		};
/* End PBXContainerItemProxy section */

/* Begin PBXFileReference section */
		4363DAB3241D450100B878BD /* OrangeConverter.app */ = {isa = PBXFileReference; explicitFileType = wrapper.application; includeInIndex = 0; path = OrangeConverter.app; sourceTree = BUILT_PRODUCTS_DIR; };
		4363DAB6241D450100B878BD /* AppDelegate.swift */ = {isa = PBXFileReference; lastKnownFileType = sourcecode.swift; path = AppDelegate.swift; sourceTree = "<group>"; };
		4363DAB8241D450100B878BD /* SceneDelegate.swift */ = {isa = PBXFileReference; lastKnownFileType = sourcecode.swift; path = SceneDelegate.swift; sourceTree = "<group>"; };
		4363DABA241D450100B878BD /* ViewController.swift */ = {isa = PBXFileReference; lastKnownFileType = sourcecode.swift; path = ViewController.swift; sourceTree = "<group>"; };
		4363DABD241D450100B878BD /* Base */ = {isa = PBXFileReference; lastKnownFileType = file.storyboard; name = Base; path = Base.lproj/Main.storyboard; sourceTree = "<group>"; };
		4363DABF241D450300B878BD /* Assets.xcassets */ = {isa = PBXFileReference; lastKnownFileType = folder.assetcatalog; path = Assets.xcassets; sourceTree = "<group>"; };
		4363DAC2241D450300B878BD /* Base */ = {isa = PBXFileReference; lastKnownFileType = file.storyboard; name = Base; path = Base.lproj/LaunchScreen.storyboard; sourceTree = "<group>"; };
		4363DAC4241D450300B878BD /* Info.plist */ = {isa = PBXFileReference; lastKnownFileType = text.plist.xml; path = Info.plist; sourceTree = "<group>"; };
		4363DAC9241D450300B878BD /* OrangeConverterTests.xctest */ = {isa = PBXFileReference; explicitFileType = wrapper.cfbundle; includeInIndex = 0; path = OrangeConverterTests.xctest; sourceTree = BUILT_PRODUCTS_DIR; };
		4363DACD241D450300B878BD /* OrangeConverterTests.swift */ = {isa = PBXFileReference; lastKnownFileType = sourcecode.swift; path = OrangeConverterTests.swift; sourceTree = "<group>"; };
		4363DACF241D450300B878BD /* Info.plist */ = {isa = PBXFileReference; lastKnownFileType = text.plist.xml; path = Info.plist; sourceTree = "<group>"; };
/* End PBXFileReference section */

/* Begin PBXFrameworksBuildPhase section */
		4363DAB0241D450100B878BD /* Frameworks */ = {
			isa = PBXFrameworksBuildPhase;
			buildActionMask = 2147483647;
			files = (
			);
			runOnlyForDeploymentPostprocessing = 0;
		};
		4363DAC6241D450300B878BD /* Frameworks */ = {
			isa = PBXFrameworksBuildPhase;
			buildActionMask = 2147483647;
			files = (
			);
			runOnlyForDeploymentPostprocessing = 0;
		};
/* End PBXFrameworksBuildPhase section */

/* Begin PBXGroup section */
		4363DAAA241D450100B878BD = {
			isa = PBXGroup;
			children = (
				4363DAB5241D450100B878BD /* OrangeConverter */,
				4363DACC241D450300B878BD /* OrangeConverterTests */,
				4363DAB4241D450100B878BD /* Products */,
			);
			sourceTree = "<group>";
		};
		4363DAB4241D450100B878BD /* Products */ = {
			isa = PBXGroup;
			children = (
				4363DAB3241D450100B878BD /* OrangeConverter.app */,
				4363DAC9241D450300B878BD /* OrangeConverterTests.xctest */,
			);
			name = Products;
			sourceTree = "<group>";
		};
		4363DAB5241D450100B878BD /* OrangeConverter */ = {
			isa = PBXGroup;
			children = (
				4363DAB6241D450100B878BD /* AppDelegate.swift */,
				4363DAB8241D450100B878BD /* SceneDelegate.swift */,
				4363DABA241D450100B878BD /* ViewController.swift */,
				4363DABC241D450100B878BD /* Main.storyboard */,
				4363DABF241D450300B878BD /* Assets.xcassets */,
				4363DAC1241D450300B878BD /* LaunchScreen.storyboard */,
				4363DAC4241D450300B878BD /* Info.plist */,
			);
			path = OrangeConverter;
			sourceTree = "<group>";
		};
		4363DACC241D450300B878BD /* OrangeConverterTests */ = {
			isa = PBXGroup;
			children = (
				4363DACD241D450300B878BD /* OrangeConverterTests.swift */,
				4363DACF241D450300B878BD /* Info.plist */,
			);
			path = OrangeConverterTests;
			sourceTree = "<group>";
		};
/* End PBXGroup section */

/* Begin PBXNativeTarget section */
		4363DAB2241D450100B878BD /* OrangeConverter */ = {
			isa = PBXNativeTarget;
			buildConfigurationList = 4363DAD2241D450300B878BD /* Build configuration list for PBXNativeTarget "OrangeConverter" */;
			buildPhases = (
				4363DAAF241D450100B878BD /* Sources */,
				4363DAB0241D450100B878BD /* Frameworks */,
				4363DAB1241D450100B878BD /* Resources */,
			);
			buildRules = (
			);
			dependencies = (
			);
			name = OrangeConverter;
			productName = OrangeConverter;
			productReference = 4363DAB3241D450100B878BD /* OrangeConverter.app */;
			productType = "com.apple.product-type.application";
		};
		4363DAC8241D450300B878BD /* OrangeConverterTests */ = {
			isa = PBXNativeTarget;
			buildConfigurationList = 4363DAD5241D450300B878BD /* Build configuration list for PBXNativeTarget "OrangeConverterTests" */;
			buildPhases = (
				4363DAC5241D450300B878BD /* Sources */,
				4363DAC6241D450300B878BD /* Frameworks */,
				4363DAC7241D450300B878BD /* Resources */,
			);
			buildRules = (
			);
			dependencies = (
				4363DACB241D450300B878BD /* PBXTargetDependency */,
			);
			name = OrangeConverterTests;
			productName = OrangeConverterTests;
			productReference = 4363DAC9241D450300B878BD /* OrangeConverterTests.xctest */;
			productType = "com.apple.product-type.bundle.unit-test";
		};
/* End PBXNativeTarget section */

/* Begin PBXProject section */
		4363DAAB241D450100B878BD /* Project object */ = {
			isa = PBXProject;
			attributes = {
				LastSwiftUpdateCheck = 1140;
				LastUpgradeCheck = 1140;
				ORGANIZATIONNAME = "Alex Buga";
				TargetAttributes = {
					4363DAB2241D450100B878BD = {
						CreatedOnToolsVersion = 11.4;
					};
					4363DAC8241D450300B878BD = {
						CreatedOnToolsVersion = 11.4;
						TestTargetID = 4363DAB2241D450100B878BD;
					};
				};
			};
			buildConfigurationList = 4363DAAE241D450100B878BD /* Build configuration list for PBXProject "OrangeConverter" */;
			compatibilityVersion = "Xcode 9.3";
			developmentRegion = en;
			hasScannedForEncodings = 0;
			knownRegions = (
				en,
				Base,
			);
			mainGroup = 4363DAAA241D450100B878BD;
			productRefGroup = 4363DAB4241D450100B878BD /* Products */;
			projectDirPath = "";
			projectRoot = "";
			targets = (
				4363DAB2241D450100B878BD /* OrangeConverter */,
				4363DAC8241D450300B878BD /* OrangeConverterTests */,
			);
		};
/* End PBXProject section */

/* Begin PBXResourcesBuildPhase section */
		4363DAB1241D450100B878BD /* Resources */ = {
			isa = PBXResourcesBuildPhase;
			buildActionMask = 2147483647;
			files = (
				4363DAC3241D450300B878BD /* LaunchScreen.storyboard in Resources */,
				4363DAC0241D450300B878BD /* Assets.xcassets in Resources */,
				4363DABE241D450100B878BD /* Main.storyboard in Resources */,
			);
			runOnlyForDeploymentPostprocessing = 0;
		};
		4363DAC7241D450300B878BD /* Resources */ = {
			isa = PBXResourcesBuildPhase;
			buildActionMask = 2147483647;
			files = (
			);
			runOnlyForDeploymentPostprocessing = 0;
		};
/* End PBXResourcesBuildPhase section */

/* Begin PBXSourcesBuildPhase section */
		4363DAAF241D450100B878BD /* Sources */ = {
			isa = PBXSourcesBuildPhase;
			buildActionMask = 2147483647;
			files = (
				4363DABB241D450100B878BD /* ViewController.swift in Sources */,
				4363DAB7241D450100B878BD /* AppDelegate.swift in Sources */,
				4363DAB9241D450100B878BD /* SceneDelegate.swift in Sources */,
			);
			runOnlyForDeploymentPostprocessing = 0;
		};
		4363DAC5241D450300B878BD /* Sources */ = {
			isa = PBXSourcesBuildPhase;
			buildActionMask = 2147483647;
			files = (
				4363DACE241D450300B878BD /* OrangeConverterTests.swift in Sources */,
			);
			runOnlyForDeploymentPostprocessing = 0;
		};
/* End PBXSourcesBuildPhase section */

/* Begin PBXTargetDependency section */
		4363DACB241D450300B878BD /* PBXTargetDependency */ = {
			isa = PBXTargetDependency;
			target = 4363DAB2241D450100B878BD /* OrangeConverter */;
			targetProxy = 4363DACA241D450300B878BD /* PBXContainerItemProxy */;
		};
/* End PBXTargetDependency section */

/* Begin PBXVariantGroup section */
		4363DABC241D450100B878BD /* Main.storyboard */ = {
			isa = PBXVariantGroup;
			children = (
				4363DABD241D450100B878BD /* Base */,
			);
			name = Main.storyboard;
			sourceTree = "<group>";
		};
		4363DAC1241D450300B878BD /* LaunchScreen.storyboard */ = {
			isa = PBXVariantGroup;
			children = (
				4363DAC2241D450300B878BD /* Base */,
			);
			name = LaunchScreen.storyboard;
			sourceTree = "<group>";
		};
/* End PBXVariantGroup section */

/* Begin XCBuildConfiguration section */
		4363DAD0241D450300B878BD /* Debug */ = {
			isa = XCBuildConfiguration;
			buildSettings = {
				ALWAYS_SEARCH_USER_PATHS = NO;
				CLANG_ANALYZER_NONNULL = YES;
				CLANG_ANALYZER_NUMBER_OBJECT_CONVERSION = YES_AGGRESSIVE;
				CLANG_CXX_LANGUAGE_STANDARD = "gnu++14";
				CLANG_CXX_LIBRARY = "libc++";
				CLANG_ENABLE_MODULES = YES;
				CLANG_ENABLE_OBJC_ARC = YES;
				CLANG_ENABLE_OBJC_WEAK = YES;
				CLANG_WARN_BLOCK_CAPTURE_AUTORELEASING = YES;
				CLANG_WARN_BOOL_CONVERSION = YES;
				CLANG_WARN_COMMA = YES;
				CLANG_WARN_CONSTANT_CONVERSION = YES;
				CLANG_WARN_DEPRECATED_OBJC_IMPLEMENTATIONS = YES;
				CLANG_WARN_DIRECT_OBJC_ISA_USAGE = YES_ERROR;
				CLANG_WARN_DOCUMENTATION_COMMENTS = YES;
				CLANG_WARN_EMPTY_BODY = YES;
				CLANG_WARN_ENUM_CONVERSION = YES;
				CLANG_WARN_INFINITE_RECURSION = YES;
				CLANG_WARN_INT_CONVERSION = YES;
				CLANG_WARN_NON_LITERAL_NULL_CONVERSION = YES;
				CLANG_WARN_OBJC_IMPLICIT_RETAIN_SELF = YES;
				CLANG_WARN_OBJC_LITERAL_CONVERSION = YES;
				CLANG_WARN_OBJC_ROOT_CLASS = YES_ERROR;
				CLANG_WARN_RANGE_LOOP_ANALYSIS = YES;
				CLANG_WARN_STRICT_PROTOTYPES = YES;
				CLANG_WARN_SUSPICIOUS_MOVE = YES;
				CLANG_WARN_UNGUARDED_AVAILABILITY = YES_AGGRESSIVE;
				CLANG_WARN_UNREACHABLE_CODE = YES;
				CLANG_WARN__DUPLICATE_METHOD_MATCH = YES;
				COPY_PHASE_STRIP = NO;
				DEBUG_INFORMATION_FORMAT = dwarf;
				ENABLE_STRICT_OBJC_MSGSEND = YES;
				ENABLE_TESTABILITY = YES;
				GCC_C_LANGUAGE_STANDARD = gnu11;
				GCC_DYNAMIC_NO_PIC = NO;
				GCC_NO_COMMON_BLOCKS = YES;
				GCC_OPTIMIZATION_LEVEL = 0;
				GCC_PREPROCESSOR_DEFINITIONS = (
					"DEBUG=1",
					"$(inherited)",
				);
				GCC_WARN_64_TO_32_BIT_CONVERSION = YES;
				GCC_WARN_ABOUT_RETURN_TYPE = YES_ERROR;
				GCC_WARN_UNDECLARED_SELECTOR = YES;
				GCC_WARN_UNINITIALIZED_AUTOS = YES_AGGRESSIVE;
				GCC_WARN_UNUSED_FUNCTION = YES;
				GCC_WARN_UNUSED_VARIABLE = YES;
				IPHONEOS_DEPLOYMENT_TARGET = 13.4;
				MTL_ENABLE_DEBUG_INFO = INCLUDE_SOURCE;
				MTL_FAST_MATH = YES;
				ONLY_ACTIVE_ARCH = YES;
				SDKROOT = iphoneos;
				SWIFT_ACTIVE_COMPILATION_CONDITIONS = DEBUG;
				SWIFT_OPTIMIZATION_LEVEL = "-Onone";
			};
			name = Debug;
		};
		4363DAD1241D450300B878BD /* Release */ = {
			isa = XCBuildConfiguration;
			buildSettings = {
				ALWAYS_SEARCH_USER_PATHS = NO;
				CLANG_ANALYZER_NONNULL = YES;
				CLANG_ANALYZER_NUMBER_OBJECT_CONVERSION = YES_AGGRESSIVE;
				CLANG_CXX_LANGUAGE_STANDARD = "gnu++14";
				CLANG_CXX_LIBRARY = "libc++";
				CLANG_ENABLE_MODULES = YES;
				CLANG_ENABLE_OBJC_ARC = YES;
				CLANG_ENABLE_OBJC_WEAK = YES;
				CLANG_WARN_BLOCK_CAPTURE_AUTORELEASING = YES;
				CLANG_WARN_BOOL_CONVERSION = YES;
				CLANG_WARN_COMMA = YES;
				CLANG_WARN_CONSTANT_CONVERSION = YES;
				CLANG_WARN_DEPRECATED_OBJC_IMPLEMENTATIONS = YES;
				CLANG_WARN_DIRECT_OBJC_ISA_USAGE = YES_ERROR;
				CLANG_WARN_DOCUMENTATION_COMMENTS = YES;
				CLANG_WARN_EMPTY_BODY = YES;
				CLANG_WARN_ENUM_CONVERSION = YES;
				CLANG_WARN_INFINITE_RECURSION = YES;
				CLANG_WARN_INT_CONVERSION = YES;
				CLANG_WARN_NON_LITERAL_NULL_CONVERSION = YES;
				CLANG_WARN_OBJC_IMPLICIT_RETAIN_SELF = YES;
				CLANG_WARN_OBJC_LITERAL_CONVERSION = YES;
				CLANG_WARN_OBJC_ROOT_CLASS = YES_ERROR;
				CLANG_WARN_RANGE_LOOP_ANALYSIS = YES;
				CLANG_WARN_STRICT_PROTOTYPES = YES;
				CLANG_WARN_SUSPICIOUS_MOVE = YES;
				CLANG_WARN_UNGUARDED_AVAILABILITY = YES_AGGRESSIVE;
				CLANG_WARN_UNREACHABLE_CODE = YES;
				CLANG_WARN__DUPLICATE_METHOD_MATCH = YES;
				COPY_PHASE_STRIP = NO;
				DEBUG_INFORMATION_FORMAT = "dwarf-with-dsym";
				ENABLE_NS_ASSERTIONS = NO;
				ENABLE_STRICT_OBJC_MSGSEND = YES;
				GCC_C_LANGUAGE_STANDARD = gnu11;
				GCC_NO_COMMON_BLOCKS = YES;
				GCC_WARN_64_TO_32_BIT_CONVERSION = YES;
				GCC_WARN_ABOUT_RETURN_TYPE = YES_ERROR;
				GCC_WARN_UNDECLARED_SELECTOR = YES;
				GCC_WARN_UNINITIALIZED_AUTOS = YES_AGGRESSIVE;
				GCC_WARN_UNUSED_FUNCTION = YES;
				GCC_WARN_UNUSED_VARIABLE = YES;
				IPHONEOS_DEPLOYMENT_TARGET = 13.4;
				MTL_ENABLE_DEBUG_INFO = NO;
				MTL_FAST_MATH = YES;
				SDKROOT = iphoneos;
				SWIFT_COMPILATION_MODE = wholemodule;
				SWIFT_OPTIMIZATION_LEVEL = "-O";
				VALIDATE_PRODUCT = YES;
			};
			name = Release;
		};
		4363DAD3241D450300B878BD /* Debug */ = {
			isa = XCBuildConfiguration;
			buildSettings = {
				ASSETCATALOG_COMPILER_APPICON_NAME = AppIcon;
				CODE_SIGN_STYLE = Automatic;
				DEVELOPMENT_TEAM = 53ARF6Q3U8;
				INFOPLIST_FILE = OrangeConverter/Info.plist;
				LD_RUNPATH_SEARCH_PATHS = (
					"$(inherited)",
					"@executable_path/Frameworks",
				);
				PRODUCT_BUNDLE_IDENTIFIER = com.alexbuga.OrangeConverter;
				PRODUCT_NAME = "$(TARGET_NAME)";
				SWIFT_VERSION = 5.0;
				TARGETED_DEVICE_FAMILY = "1,2";
			};
			name = Debug;
		};
		4363DAD4241D450300B878BD /* Release */ = {
			isa = XCBuildConfiguration;
			buildSettings = {
				ASSETCATALOG_COMPILER_APPICON_NAME = AppIcon;
				CODE_SIGN_STYLE = Automatic;
				DEVELOPMENT_TEAM = 53ARF6Q3U8;
				INFOPLIST_FILE = OrangeConverter/Info.plist;
				LD_RUNPATH_SEARCH_PATHS = (
					"$(inherited)",
					"@executable_path/Frameworks",
				);
				PRODUCT_BUNDLE_IDENTIFIER = com.alexbuga.OrangeConverter;
				PRODUCT_NAME = "$(TARGET_NAME)";
				SWIFT_VERSION = 5.0;
				TARGETED_DEVICE_FAMILY = "1,2";
			};
			name = Release;
		};
		4363DAD6241D450300B878BD /* Debug */ = {
			isa = XCBuildConfiguration;
			buildSettings = {
				ALWAYS_EMBED_SWIFT_STANDARD_LIBRARIES = YES;
				BUNDLE_LOADER = "$(TEST_HOST)";
				CODE_SIGN_STYLE = Automatic;
				DEVELOPMENT_TEAM = 53ARF6Q3U8;
				INFOPLIST_FILE = OrangeConverterTests/Info.plist;
				IPHONEOS_DEPLOYMENT_TARGET = 13.4;
				LD_RUNPATH_SEARCH_PATHS = (
					"$(inherited)",
					"@executable_path/Frameworks",
					"@loader_path/Frameworks",
				);
				PRODUCT_BUNDLE_IDENTIFIER = com.alexbuga.OrangeConverterTests;
				PRODUCT_NAME = "$(TARGET_NAME)";
				SWIFT_VERSION = 5.0;
				TARGETED_DEVICE_FAMILY = "1,2";
				TEST_HOST = "$(BUILT_PRODUCTS_DIR)/OrangeConverter.app/OrangeConverter";
			};
			name = Debug;
		};
		4363DAD7241D450300B878BD /* Release */ = {
			isa = XCBuildConfiguration;
			buildSettings = {
				ALWAYS_EMBED_SWIFT_STANDARD_LIBRARIES = YES;
				BUNDLE_LOADER = "$(TEST_HOST)";
				CODE_SIGN_STYLE = Automatic;
				DEVELOPMENT_TEAM = 53ARF6Q3U8;
				INFOPLIST_FILE = OrangeConverterTests/Info.plist;
				IPHONEOS_DEPLOYMENT_TARGET = 13.4;
				LD_RUNPATH_SEARCH_PATHS = (
					"$(inherited)",
					"@executable_path/Frameworks",
					"@loader_path/Frameworks",
				);
				PRODUCT_BUNDLE_IDENTIFIER = com.alexbuga.OrangeConverterTests;
				PRODUCT_NAME = "$(TARGET_NAME)";
				SWIFT_VERSION = 5.0;
				TARGETED_DEVICE_FAMILY = "1,2";
				TEST_HOST = "$(BUILT_PRODUCTS_DIR)/OrangeConverter.app/OrangeConverter";
			};
			name = Release;
		};
/* End XCBuildConfiguration section */

/* Begin XCConfigurationList section */
		4363DAAE241D450100B878BD /* Build configuration list for PBXProject "OrangeConverter" */ = {
			isa = XCConfigurationList;
			buildConfigurations = (
				4363DAD0241D450300B878BD /* Debug */,
				4363DAD1241D450300B878BD /* Release */,
			);
			defaultConfigurationIsVisible = 0;
			defaultConfigurationName = Release;
		};
		4363DAD2241D450300B878BD /* Build configuration list for PBXNativeTarget "OrangeConverter" */ = {
			isa = XCConfigurationList;
			buildConfigurations = (
				4363DAD3241D450300B878BD /* Debug */,
				4363DAD4241D450300B878BD /* Release */,
			);
			defaultConfigurationIsVisible = 0;
			defaultConfigurationName = Release;
		};
		4363DAD5241D450300B878BD /* Build configuration list for PBXNativeTarget "OrangeConverterTests" */ = {
			isa = XCConfigurationList;
			buildConfigurations = (
				4363DAD6241D450300B878BD /* Debug */,
				4363DAD7241D450300B878BD /* Release */,
			);
			defaultConfigurationIsVisible = 0;
			defaultConfigurationName = Release;
		};
/* End XCConfigurationList section */
	};
	rootObject = 4363DAAB241D450100B878BD /* Project object */;
}
